
Microsoft Visual Studio Solution File, Format Version 12.00
# Visual Studio Version 17
VisualStudioVersion = 17.3.32811.315
MinimumVisualStudioVersion = 10.0.40219.1
Project("{9A19103F-16F7-4668-BE54-9A1E7A4F7556}") = "Keyboard Cats", "Keyboard Cats.csproj", "{D5880426-FD98-4780-9624-EF1203A76B43}"
EndProject
Global
	GlobalSection(SolutionConfigurationPlatforms) = preSolution
		Debug|Any CPU = Debug|Any CPU
		Release|Any CPU = Release|Any CPU
	EndGlobalSection
	GlobalSection(ProjectConfigurationPlatforms) = postSolution
		{D5880426-FD98-4780-9624-EF1203A76B43}.Debug|Any CPU.ActiveCfg = Debug|Any CPU
		{D5880426-FD98-4780-9624-EF1203A76B43}.Debug|Any CPU.Build.0 = Debug|Any CPU
		{D5880426-FD98-4780-9624-EF1203A76B43}.Release|Any CPU.ActiveCfg = Release|Any CPU
		{D5880426-FD98-4780-9624-EF1203A76B43}.Release|Any CPU.Build.0 = Release|Any CPU
	EndGlobalSection
	GlobalSection(SolutionProperties) = preSolution
		HideSolutionNode = FALSE
	EndGlobalSection
	GlobalSection(ExtensibilityGlobals) = postSolution
		SolutionGuid = {E8C75C0C-4162-4259-8A62-96D4B543909C}
	EndGlobalSection
EndGlobal
