{
  "requires": true,
  "lockfileVersion": 1,
  "dependencies": {
    "@types/google.maps": {
      "version": "3.52.0",
      "resolved": "https://registry.npmjs.org/@types/google.maps/-/google.maps-3.52.0.tgz",
      "integrity": "sha512-cIwkgSBUOCerEwEpAahg1SxUqqGV+D786TkVWrcZZyPvuCozmXFtzQcpOzvUXBtTUqDzEbCDGlAXDfDSYFXFIw==",
      "dev": true
    },
    "lightgallery": {
      "version": "2.7.1",
      "resolved": "https://registry.npmjs.org/lightgallery/-/lightgallery-2.7.1.tgz",
      "integrity": "sha512-NbXOzD2APY1OhOOn464jDsBZBaCRahUoLvBxhDFxvwJeC8hCkCIPYSjGgGTYINxVK09DKMsNDJzRr1ngH5nDdg=="
    }
  }
}
